// !$*UTF8*$!
{
	archiveVersion = 1;
	classes = {
	};
	objectVersion = 50;
	objects = {

/* Begin PBXBuildFile section */
		325DC66921AA33D400106E39 /* AppDelegate.swift in Sources */ = {isa = PBXBuildFile; fileRef = 325DC66821AA33D400106E39 /* AppDelegate.swift */; };
		325DC66B21AA33D400106E39 /* ViewController.swift in Sources */ = {isa = PBXBuildFile; fileRef = 325DC66A21AA33D400106E39 /* ViewController.swift */; };
		325DC66E21AA33D400106E39 /* Main.storyboard in Resources */ = {isa = PBXBuildFile; fileRef = 325DC66C21AA33D400106E39 /* Main.storyboard */; };
		325DC67021AA33D500106E39 /* Assets.xcassets in Resources */ = {isa = PBXBuildFile; fileRef = 325DC66F21AA33D500106E39 /* Assets.xcassets */; };
		325DC67321AA33D500106E39 /* LaunchScreen.storyboard in Resources */ = {isa = PBXBuildFile; fileRef = 325DC67121AA33D500106E39 /* LaunchScreen.storyboard */; };
		32AACBE021AAD39B0005D8DA /* Concentration.swift in Sources */ = {isa = PBXBuildFile; fileRef = 32AACBDF21AAD39B0005D8DA /* Concentration.swift */; };
		32AACBE221AAD3C40005D8DA /* Card.swift in Sources */ = {isa = PBXBuildFile; fileRef = 32AACBE121AAD3C40005D8DA /* Card.swift */; };
/* End PBXBuildFile section */

/* Begin PBXFileReference section */
		325DC66521AA33D400106E39 /* sixthwork.app */ = {isa = PBXFileReference; explicitFileType = wrapper.application; includeInIndex = 0; path = sixthwork.app; sourceTree = BUILT_PRODUCTS_DIR; };
		325DC66821AA33D400106E39 /* AppDelegate.swift */ = {isa = PBXFileReference; lastKnownFileType = sourcecode.swift; path = AppDelegate.swift; sourceTree = "<group>"; };
		325DC66A21AA33D400106E39 /* ViewController.swift */ = {isa = PBXFileReference; lastKnownFileType = sourcecode.swift; path = ViewController.swift; sourceTree = "<group>"; };
		325DC66D21AA33D400106E39 /* Base */ = {isa = PBXFileReference; lastKnownFileType = file.storyboard; name = Base; path = Base.lproj/Main.storyboard; sourceTree = "<group>"; };
		325DC66F21AA33D500106E39 /* Assets.xcassets */ = {isa = PBXFileReference; lastKnownFileType = folder.assetcatalog; path = Assets.xcassets; sourceTree = "<group>"; };
		325DC67221AA33D500106E39 /* Base */ = {isa = PBXFileReference; lastKnownFileType = file.storyboard; name = Base; path = Base.lproj/LaunchScreen.storyboard; sourceTree = "<group>"; };
		325DC67421AA33D500106E39 /* Info.plist */ = {isa = PBXFileReference; lastKnownFileType = text.plist.xml; path = Info.plist; sourceTree = "<group>"; };
		32AACBDF21AAD39B0005D8DA /* Concentration.swift */ = {isa = PBXFileReference; lastKnownFileType = sourcecode.swift; path = Concentration.swift; sourceTree = "<group>"; };
		32AACBE121AAD3C40005D8DA /* Card.swift */ = {isa = PBXFileReference; lastKnownFileType = sourcecode.swift; path = Card.swift; sourceTree = "<group>"; };
/* End PBXFileReference section */

/* Begin PBXFrameworksBuildPhase section */
		325DC66221AA33D400106E39 /* Frameworks */ = {
			isa = PBXFrameworksBuildPhase;
			buildActionMask = 2147483647;
			files = (
			);
			runOnlyForDeploymentPostprocessing = 0;
		};
/* End PBXFrameworksBuildPhase section */

/* Begin PBXGroup section */
		325DC65C21AA33D400106E39 = {
			isa = PBXGroup;
			children = (
				325DC66721AA33D400106E39 /* sixthwork */,
				325DC66621AA33D400106E39 /* Products */,
			);
			sourceTree = "<group>";
		};
		325DC66621AA33D400106E39 /* Products */ = {
			isa = PBXGroup;
			children = (
				325DC66521AA33D400106E39 /* sixthwork.app */,
			);
			name = Products;
			sourceTree = "<group>";
		};
		325DC66721AA33D400106E39 /* sixthwork */ = {
			isa = PBXGroup;
			children = (
				325DC66821AA33D400106E39 /* AppDelegate.swift */,
				325DC66A21AA33D400106E39 /* ViewController.swift */,
				325DC66C21AA33D400106E39 /* Main.storyboard */,
				325DC66F21AA33D500106E39 /* Assets.xcassets */,
				325DC67121AA33D500106E39 /* LaunchScreen.storyboard */,
				325DC67421AA33D500106E39 /* Info.plist */,
				32AACBDF21AAD39B0005D8DA /* Concentration.swift */,
				32AACBE121AAD3C40005D8DA /* Card.swift */,
			);
			path = sixthwork;
			sourceTree = "<group>";
		};
/* End PBXGroup section */

/* Begin PBXNativeTarget section */
		325DC66421AA33D400106E39 /* sixthwork */ = {
			isa = PBXNativeTarget;
			buildConfigurationList = 325DC67721AA33D500106E39 /* Build configuration list for PBXNativeTarget "sixthwork" */;
			buildPhases = (
				325DC66121AA33D400106E39 /* Sources */,
				325DC66221AA33D400106E39 /* Frameworks */,
				325DC66321AA33D400106E39 /* Resources */,
			);
			buildRules = (
			);
			dependencies = (
			);
			name = sixthwork;
			productName = sixthwork;
			productReference = 325DC66521AA33D400106E39 /* sixthwork.app */;
			productType = "com.apple.product-type.application";
		};
/* End PBXNativeTarget section */

/* Begin PBXProject section */
		325DC65D21AA33D400106E39 /* Project object */ = {
			isa = PBXProject;
			attributes = {
				LastSwiftUpdateCheck = 1010;
				LastUpgradeCheck = 1010;
				ORGANIZATIONNAME = "吕康佳";
				TargetAttributes = {
					325DC66421AA33D400106E39 = {
						CreatedOnToolsVersion = 10.1;
					};
				};
			};
			buildConfigurationList = 325DC66021AA33D400106E39 /* Build configuration list for PBXProject "sixthwork" */;
			compatibilityVersion = "Xcode 9.3";
			developmentRegion = en;
			hasScannedForEncodings = 0;
			knownRegions = (
				en,
				Base,
			);
			mainGroup = 325DC65C21AA33D400106E39;
			productRefGroup = 325DC66621AA33D400106E39 /* Products */;
			projectDirPath = "";
			projectRoot = "";
			targets = (
				325DC66421AA33D400106E39 /* sixthwork */,
			);
		};
/* End PBXProject section */

/* Begin PBXResourcesBuildPhase section */
		325DC66321AA33D400106E39 /* Resources */ = {
			isa = PBXResourcesBuildPhase;
			buildActionMask = 2147483647;
			files = (
				325DC67321AA33D500106E39 /* LaunchScreen.storyboard in Resources */,
				325DC67021AA33D500106E39 /* Assets.xcassets in Resources */,
				325DC66E21AA33D400106E39 /* Main.storyboard in Resources */,
			);
			runOnlyForDeploymentPostprocessing = 0;
		};
/* End PBXResourcesBuildPhase section */

/* Begin PBXSourcesBuildPhase section */
		325DC66121AA33D400106E39 /* Sources */ = {
			isa = PBXSourcesBuildPhase;
			buildActionMask = 2147483647;
			files = (
				325DC66B21AA33D400106E39 /* ViewController.swift in Sources */,
				325DC66921AA33D400106E39 /* AppDelegate.swift in Sources */,
				32AACBE021AAD39B0005D8DA /* Concentration.swift in Sources */,
				32AACBE221AAD3C40005D8DA /* Card.swift in Sources */,
			);
			runOnlyForDeploymentPostprocessing = 0;
		};
/* End PBXSourcesBuildPhase section */

/* Begin PBXVariantGroup section */
		325DC66C21AA33D400106E39 /* Main.storyboard */ = {
			isa = PBXVariantGroup;
			children = (
				325DC66D21AA33D400106E39 /* Base */,
			);
			name = Main.storyboard;
			sourceTree = "<group>";
		};
		325DC67121AA33D500106E39 /* LaunchScreen.storyboard */ = {
			isa = PBXVariantGroup;
			children = (
				325DC67221AA33D500106E39 /* Base */,
			);
			name = LaunchScreen.storyboard;
			sourceTree = "<group>";
		};
/* End PBXVariantGroup section */

/* Begin XCBuildConfiguration section */
		325DC67521AA33D500106E39 /* Debug */ = {
			isa = XCBuildConfiguration;
			buildSettings = {
				ALWAYS_SEARCH_USER_PATHS = NO;
				CLANG_ANALYZER_NONNULL = YES;
				CLANG_ANALYZER_NUMBER_OBJECT_CONVERSION = YES_AGGRESSIVE;
				CLANG_CXX_LANGUAGE_STANDARD = "gnu++14";
				CLANG_CXX_LIBRARY = "libc++";
				CLANG_ENABLE_MODULES = YES;
				CLANG_ENABLE_OBJC_ARC = YES;
				CLANG_ENABLE_OBJC_WEAK = YES;
				CLANG_WARN_BLOCK_CAPTURE_AUTORELEASING = YES;
				CLANG_WARN_BOOL_CONVERSION = YES;
				CLANG_WARN_COMMA = YES;
				CLANG_WARN_CONSTANT_CONVERSION = YES;
				CLANG_WARN_DEPRECATED_OBJC_IMPLEMENTATIONS = YES;
				CLANG_WARN_DIRECT_OBJC_ISA_USAGE = YES_ERROR;
				CLANG_WARN_DOCUMENTATION_COMMENTS = YES;
				CLANG_WARN_EMPTY_BODY = YES;
				CLANG_WARN_ENUM_CONVERSION = YES;
				CLANG_WARN_INFINITE_RECURSION = YES;
				CLANG_WARN_INT_CONVERSION = YES;
				CLANG_WARN_NON_LITERAL_NULL_CONVERSION = YES;
				CLANG_WARN_OBJC_IMPLICIT_RETAIN_SELF = YES;
				CLANG_WARN_OBJC_LITERAL_CONVERSION = YES;
				CLANG_WARN_OBJC_ROOT_CLASS = YES_ERROR;
				CLANG_WARN_RANGE_LOOP_ANALYSIS = YES;
				CLANG_WARN_STRICT_PROTOTYPES = YES;
				CLANG_WARN_SUSPICIOUS_MOVE = YES;
				CLANG_WARN_UNGUARDED_AVAILABILITY = YES_AGGRESSIVE;
				CLANG_WARN_UNREACHABLE_CODE = YES;
				CLANG_WARN__DUPLICATE_METHOD_MATCH = YES;
				CODE_SIGN_IDENTITY = "iPhone Developer";
				COPY_PHASE_STRIP = NO;
				DEBUG_INFORMATION_FORMAT = dwarf;
				ENABLE_STRICT_OBJC_MSGSEND = YES;
				ENABLE_TESTABILITY = YES;
				GCC_C_LANGUAGE_STANDARD = gnu11;
				GCC_DYNAMIC_NO_PIC = NO;
				GCC_NO_COMMON_BLOCKS = YES;
				GCC_OPTIMIZATION_LEVEL = 0;
				GCC_PREPROCESSOR_DEFINITIONS = (
					"DEBUG=1",
					"$(inherited)",
				);
				GCC_WARN_64_TO_32_BIT_CONVERSION = YES;
				GCC_WARN_ABOUT_RETURN_TYPE = YES_ERROR;
				GCC_WARN_UNDECLARED_SELECTOR = YES;
				GCC_WARN_UNINITIALIZED_AUTOS = YES_AGGRESSIVE;
				GCC_WARN_UNUSED_FUNCTION = YES;
				GCC_WARN_UNUSED_VARIABLE = YES;
				IPHONEOS_DEPLOYMENT_TARGET = 12.1;
				MTL_ENABLE_DEBUG_INFO = INCLUDE_SOURCE;
				MTL_FAST_MATH = YES;
				ONLY_ACTIVE_ARCH = YES;
				SDKROOT = iphoneos;
				SWIFT_ACTIVE_COMPILATION_CONDITIONS = DEBUG;
				SWIFT_OPTIMIZATION_LEVEL = "-Onone";
			};
			name = Debug;
		};
		325DC67621AA33D500106E39 /* Release */ = {
			isa = XCBuildConfiguration;
			buildSettings = {
				ALWAYS_SEARCH_USER_PATHS = NO;
				CLANG_ANALYZER_NONNULL = YES;
				CLANG_ANALYZER_NUMBER_OBJECT_CONVERSION = YES_AGGRESSIVE;
				CLANG_CXX_LANGUAGE_STANDARD = "gnu++14";
				CLANG_CXX_LIBRARY = "libc++";
				CLANG_ENABLE_MODULES = YES;
				CLANG_ENABLE_OBJC_ARC = YES;
				CLANG_ENABLE_OBJC_WEAK = YES;
				CLANG_WARN_BLOCK_CAPTURE_AUTORELEASING = YES;
				CLANG_WARN_BOOL_CONVERSION = YES;
				CLANG_WARN_COMMA = YES;
				CLANG_WARN_CONSTANT_CONVERSION = YES;
				CLANG_WARN_DEPRECATED_OBJC_IMPLEMENTATIONS = YES;
				CLANG_WARN_DIRECT_OBJC_ISA_USAGE = YES_ERROR;
				CLANG_WARN_DOCUMENTATION_COMMENTS = YES;
				CLANG_WARN_EMPTY_BODY = YES;
				CLANG_WARN_ENUM_CONVERSION = YES;
				CLANG_WARN_INFINITE_RECURSION = YES;
				CLANG_WARN_INT_CONVERSION = YES;
				CLANG_WARN_NON_LITERAL_NULL_CONVERSION = YES;
				CLANG_WARN_OBJC_IMPLICIT_RETAIN_SELF = YES;
				CLANG_WARN_OBJC_LITERAL_CONVERSION = YES;
				CLANG_WARN_OBJC_ROOT_CLASS = YES_ERROR;
				CLANG_WARN_RANGE_LOOP_ANALYSIS = YES;
				CLANG_WARN_STRICT_PROTOTYPES = YES;
				CLANG_WARN_SUSPICIOUS_MOVE = YES;
				CLANG_WARN_UNGUARDED_AVAILABILITY = YES_AGGRESSIVE;
				CLANG_WARN_UNREACHABLE_CODE = YES;
				CLANG_WARN__DUPLICATE_METHOD_MATCH = YES;
				CODE_SIGN_IDENTITY = "iPhone Developer";
				COPY_PHASE_STRIP = NO;
				DEBUG_INFORMATION_FORMAT = "dwarf-with-dsym";
				ENABLE_NS_ASSERTIONS = NO;
				ENABLE_STRICT_OBJC_MSGSEND = YES;
				GCC_C_LANGUAGE_STANDARD = gnu11;
				GCC_NO_COMMON_BLOCKS = YES;
				GCC_WARN_64_TO_32_BIT_CONVERSION = YES;
				GCC_WARN_ABOUT_RETURN_TYPE = YES_ERROR;
				GCC_WARN_UNDECLARED_SELECTOR = YES;
				GCC_WARN_UNINITIALIZED_AUTOS = YES_AGGRESSIVE;
				GCC_WARN_UNUSED_FUNCTION = YES;
				GCC_WARN_UNUSED_VARIABLE = YES;
				IPHONEOS_DEPLOYMENT_TARGET = 12.1;
				MTL_ENABLE_DEBUG_INFO = NO;
				MTL_FAST_MATH = YES;
				SDKROOT = iphoneos;
				SWIFT_COMPILATION_MODE = wholemodule;
				SWIFT_OPTIMIZATION_LEVEL = "-O";
				VALIDATE_PRODUCT = YES;
			};
			name = Release;
		};
		325DC67821AA33D500106E39 /* Debug */ = {
			isa = XCBuildConfiguration;
			buildSettings = {
				ASSETCATALOG_COMPILER_APPICON_NAME = AppIcon;
				CODE_SIGN_STYLE = Automatic;
				DEVELOPMENT_TEAM = 5586Y2DHVP;
				INFOPLIST_FILE = sixthwork/Info.plist;
				LD_RUNPATH_SEARCH_PATHS = (
					"$(inherited)",
					"@executable_path/Frameworks",
				);
				PRODUCT_BUNDLE_IDENTIFIER = test.sixthwork;
				PRODUCT_NAME = "$(TARGET_NAME)";
				SWIFT_VERSION = 4.2;
				TARGETED_DEVICE_FAMILY = "1,2";
			};
			name = Debug;
		};
		325DC67921AA33D500106E39 /* Release */ = {
			isa = XCBuildConfiguration;
			buildSettings = {
				ASSETCATALOG_COMPILER_APPICON_NAME = AppIcon;
				CODE_SIGN_STYLE = Automatic;
				DEVELOPMENT_TEAM = 5586Y2DHVP;
				INFOPLIST_FILE = sixthwork/Info.plist;
				LD_RUNPATH_SEARCH_PATHS = (
					"$(inherited)",
					"@executable_path/Frameworks",
				);
				PRODUCT_BUNDLE_IDENTIFIER = test.sixthwork;
				PRODUCT_NAME = "$(TARGET_NAME)";
				SWIFT_VERSION = 4.2;
				TARGETED_DEVICE_FAMILY = "1,2";
			};
			name = Release;
		};
/* End XCBuildConfiguration section */

/* Begin XCConfigurationList section */
		325DC66021AA33D400106E39 /* Build configuration list for PBXProject "sixthwork" */ = {
			isa = XCConfigurationList;
			buildConfigurations = (
				325DC67521AA33D500106E39 /* Debug */,
				325DC67621AA33D500106E39 /* Release */,
			);
			defaultConfigurationIsVisible = 0;
			defaultConfigurationName = Release;
		};
		325DC67721AA33D500106E39 /* Build configuration list for PBXNativeTarget "sixthwork" */ = {
			isa = XCConfigurationList;
			buildConfigurations = (
				325DC67821AA33D500106E39 /* Debug */,
				325DC67921AA33D500106E39 /* Release */,
			);
			defaultConfigurationIsVisible = 0;
			defaultConfigurationName = Release;
		};
/* End XCConfigurationList section */
	};
	rootObject = 325DC65D21AA33D400106E39 /* Project object */;
}
